PODS:
  - Alamofire (4.8.2)
  - ObjectMapper (3.4.2)
  - Preferences (0.3.0)
  - SnapKit (5.0.0)

DEPENDENCIES:
  - Alamofire
  - ObjectMapper
  - Preferences
  - SnapKit

SPEC REPOS:
  https://github.com/cocoapods/specs.git:
    - Alamofire
    - ObjectMapper
    - Preferences
    - SnapKit

SPEC CHECKSUMS:
  Alamofire: ae5c501addb7afdbb13687d7f2f722c78734c2d3
  ObjectMapper: 0d4402610f4e468903ae64629eec4784531e5c51
  Preferences: 517b5aa40e68f54a47c41ca3853ccd68e99c418b
  SnapKit: fd22d10eb9aff484d79a8724eab922c1ddf89bcf

PODFILE CHECKSUM: 045090f668749d795587d7d41c51214df096f161

COCOAPODS: 1.6.0.beta.2
