PODS:
  - Alamofire (5.4.1)
  - ObjectMapper (4.2.0)
  - Preferences (2.2.0)
  - SnapKit (5.0.1)

DEPENDENCIES:
  - Alamofire
  - ObjectMapper
  - Preferences
  - SnapKit

SPEC REPOS:
  trunk:
    - Alamofire
    - ObjectMapper
    - Preferences
    - SnapKit

SPEC CHECKSUMS:
  Alamofire: 2291f7d21ca607c491dd17642e5d40fdcda0e65c
  ObjectMapper: 1eb41f610210777375fa806bf161dc39fb832b81
  Preferences: 4894cc28df3557336b0b72440c893d95203d3e33
  SnapKit: 97b92857e3df3a0c71833cce143274bf6ef8e5eb

PODFILE CHECKSUM: 045090f668749d795587d7d41c51214df096f161

COCOAPODS: 1.10.0
